Microsoft Visual Studio Solution File, Format Version 12.00
# Visual Studio Version 17
VisualStudioVersion = 17.5.2.0
MinimumVisualStudioVersion = 10.0.40219.1
Project("{FAE04EC0-301F-11D3-BF4B-00C04F79EFBC}") = "EigoQuest.Api", "EigoQuest.Api\EigoQuest.Api.csproj", "{B50F4616-5579-1C68-1077-C97BB4D5DD10}"
EndProject
Global
	GlobalSection(SolutionConfigurationPlatforms) = preSolution
		Debug|Any CPU = Debug|Any CPU
		Release|Any CPU = Release|Any CPU
	EndGlobalSection
	GlobalSection(ProjectConfigurationPlatforms) = postSolution
		{B50F4616-5579-1C68-1077-C97BB4D5DD10}.Debug|Any CPU.ActiveCfg = Debug|Any CPU
		{B50F4616-5579-1C68-1077-C97BB4D5DD10}.Debug|Any CPU.Build.0 = Debug|Any CPU
		{B50F4616-5579-1C68-1077-C97BB4D5DD10}.Release|Any CPU.ActiveCfg = Release|Any CPU
		{B50F4616-5579-1C68-1077-C97BB4D5DD10}.Release|Any CPU.Build.0 = Release|Any CPU
	EndGlobalSection
	GlobalSection(SolutionProperties) = preSolution
		HideSolutionNode = FALSE
	EndGlobalSection
	GlobalSection(ExtensibilityGlobals) = postSolution
		SolutionGuid = {D865DEE0-65F9-438F-B325-950F294546CF}
	EndGlobalSection
EndGlobal
